
Microsoft Visual Studio Solution File, Format Version 12.00
# Visual Studio Version 16
VisualStudioVersion = 16.0.30128.74
MinimumVisualStudioVersion = 10.0.40219.1
Project("{FAE04EC0-301F-11D3-BF4B-00C04F79EFBC}") = "Style", "Style.csproj", "{41943F57-143B-4993-A94B-44FB2FAF3A7D}"
EndProject
Global
	GlobalSection(SolutionConfigurationPlatforms) = preSolution
		Debug|Any CPU = Debug|Any CPU
		Release|Any CPU = Release|Any CPU
	EndGlobalSection
	GlobalSection(ProjectConfigurationPlatforms) = postSolution
		{41943F57-143B-4993-A94B-44FB2FAF3A7D}.Debug|Any CPU.ActiveCfg = Debug|Any CPU
		{41943F57-143B-4993-A94B-44FB2FAF3A7D}.Debug|Any CPU.Build.0 = Debug|Any CPU
		{41943F57-143B-4993-A94B-44FB2FAF3A7D}.Release|Any CPU.ActiveCfg = Release|Any CPU
		{41943F57-143B-4993-A94B-44FB2FAF3A7D}.Release|Any CPU.Build.0 = Release|Any CPU
	EndGlobalSection
	GlobalSection(SolutionProperties) = preSolution
		HideSolutionNode = FALSE
	EndGlobalSection
	GlobalSection(ExtensibilityGlobals) = postSolution
		SolutionGuid = {343148D5-FBA0-4281-A5C5-025C126BF1A6}
	EndGlobalSection
EndGlobal
