
Microsoft Visual Studio Solution File, Format Version 12.00
# Visual Studio Version 16
VisualStudioVersion = 16.0.29911.84
MinimumVisualStudioVersion = 10.0.40219.1
Project("{FAE04EC0-301F-11D3-BF4B-00C04F79EFBC}") = "SpecialDays", "SpecialDays.csproj", "{54ED8E77-331B-4E3D-A352-7AB86E326701}"
EndProject
Global
	GlobalSection(SolutionConfigurationPlatforms) = preSolution
		Debug|Any CPU = Debug|Any CPU
		Release|Any CPU = Release|Any CPU
	EndGlobalSection
	GlobalSection(ProjectConfigurationPlatforms) = postSolution
		{54ED8E77-331B-4E3D-A352-7AB86E326701}.Debug|Any CPU.ActiveCfg = Debug|Any CPU
		{54ED8E77-331B-4E3D-A352-7AB86E326701}.Debug|Any CPU.Build.0 = Debug|Any CPU
		{54ED8E77-331B-4E3D-A352-7AB86E326701}.Release|Any CPU.ActiveCfg = Release|Any CPU
		{54ED8E77-331B-4E3D-A352-7AB86E326701}.Release|Any CPU.Build.0 = Release|Any CPU
	EndGlobalSection
	GlobalSection(SolutionProperties) = preSolution
		HideSolutionNode = FALSE
	EndGlobalSection
	GlobalSection(ExtensibilityGlobals) = postSolution
		SolutionGuid = {5F5AFA83-1D9A-4A43-B696-7B89F45C8A1C}
	EndGlobalSection
EndGlobal
