
Microsoft Visual Studio Solution File, Format Version 12.00
# Visual Studio Version 16
VisualStudioVersion = 16.0.29911.84
MinimumVisualStudioVersion = 10.0.40219.1
Project("{FAE04EC0-301F-11D3-BF4B-00C04F79EFBC}") = "Blackoutdates", "Blackoutdates.csproj", "{74E80013-4087-408B-A603-1B83BA55CC4B}"
EndProject
Global
	GlobalSection(SolutionConfigurationPlatforms) = preSolution
		Debug|Any CPU = Debug|Any CPU
		Release|Any CPU = Release|Any CPU
	EndGlobalSection
	GlobalSection(ProjectConfigurationPlatforms) = postSolution
		{74E80013-4087-408B-A603-1B83BA55CC4B}.Debug|Any CPU.ActiveCfg = Debug|Any CPU
		{74E80013-4087-408B-A603-1B83BA55CC4B}.Debug|Any CPU.Build.0 = Debug|Any CPU
		{74E80013-4087-408B-A603-1B83BA55CC4B}.Release|Any CPU.ActiveCfg = Release|Any CPU
		{74E80013-4087-408B-A603-1B83BA55CC4B}.Release|Any CPU.Build.0 = Release|Any CPU
	EndGlobalSection
	GlobalSection(SolutionProperties) = preSolution
		HideSolutionNode = FALSE
	EndGlobalSection
	GlobalSection(ExtensibilityGlobals) = postSolution
		SolutionGuid = {40EC8763-2D7A-4FFF-815F-AEC3E65D63A3}
	EndGlobalSection
EndGlobal
